
Microsoft Visual Studio Solution File, Format Version 12.00
# Visual Studio Version 17
VisualStudioVersion = 17.9.34728.123
MinimumVisualStudioVersion = 10.0.40219.1
Project("{9A19103F-16F7-4668-BE54-9A1E7A4F7556}") = "Mtd.Kiosk.IpDisplaysApi", "Mtd.Kiosk.IpDisplaysApi.csproj", "{78655CC6-320A-4225-8F1A-06CCBEC78A3D}"
EndProject
Global
	GlobalSection(SolutionConfigurationPlatforms) = preSolution
		Debug|Any CPU = Debug|Any CPU
		Release|Any CPU = Release|Any CPU
	EndGlobalSection
	GlobalSection(ProjectConfigurationPlatforms) = postSolution
		{78655CC6-320A-4225-8F1A-06CCBEC78A3D}.Debug|Any CPU.ActiveCfg = Debug|Any CPU
		{78655CC6-320A-4225-8F1A-06CCBEC78A3D}.Debug|Any CPU.Build.0 = Debug|Any CPU
		{78655CC6-320A-4225-8F1A-06CCBEC78A3D}.Release|Any CPU.ActiveCfg = Release|Any CPU
		{78655CC6-320A-4225-8F1A-06CCBEC78A3D}.Release|Any CPU.Build.0 = Release|Any CPU
	EndGlobalSection
	GlobalSection(SolutionProperties) = preSolution
		HideSolutionNode = FALSE
	EndGlobalSection
	GlobalSection(ExtensibilityGlobals) = postSolution
		SolutionGuid = {4D691F48-1BEC-4752-985D-5CBE9D495F69}
	EndGlobalSection
EndGlobal
